
Microsoft Visual Studio Solution File, Format Version 12.00
# Visual Studio Version 17
VisualStudioVersion = 17.3.32819.101
MinimumVisualStudioVersion = 10.0.40219.1
Project("{FAE04EC0-301F-11D3-BF4B-00C04F79EFBC}") = "Client", "Inscription mp\Client.csproj", "{FD900BE3-D8DB-45A0-9C5A-B6EBB59275FC}"
EndProject
Project("{FAE04EC0-301F-11D3-BF4B-00C04F79EFBC}") = "Server", "Server\Server.csproj", "{18577B7D-2A22-4BA6-AF4F-4BF9027C0522}"
EndProject
Project("{2150E333-8FDC-42A3-9474-1A3956D46DE8}") = "Resourses", "Resourses", "{CA2E7037-FEB6-4EDF-ADAE-C4A1C794AB36}"
	ProjectSection(SolutionItems) = preProject
		Resources\InscriptionFont.TTF = Resources\InscriptionFont.TTF
		Resources\InscriptionMP.ico = Resources\InscriptionMP.ico
	EndProjectSection
EndProject
Project("{FAE04EC0-301F-11D3-BF4B-00C04F79EFBC}") = "Act1 Pack", "Act1 CardPack\Act1 Pack.csproj", "{BA8488AC-0695-4802-8E61-B2B470CC9463}"
EndProject
Global
	GlobalSection(SolutionConfigurationPlatforms) = preSolution
		Debug|Any CPU = Debug|Any CPU
		Release|Any CPU = Release|Any CPU
	EndGlobalSection
	GlobalSection(ProjectConfigurationPlatforms) = postSolution
		{FD900BE3-D8DB-45A0-9C5A-B6EBB59275FC}.Debug|Any CPU.ActiveCfg = Debug|Any CPU
		{FD900BE3-D8DB-45A0-9C5A-B6EBB59275FC}.Debug|Any CPU.Build.0 = Debug|Any CPU
		{FD900BE3-D8DB-45A0-9C5A-B6EBB59275FC}.Release|Any CPU.ActiveCfg = Release|Any CPU
		{FD900BE3-D8DB-45A0-9C5A-B6EBB59275FC}.Release|Any CPU.Build.0 = Release|Any CPU
		{18577B7D-2A22-4BA6-AF4F-4BF9027C0522}.Debug|Any CPU.ActiveCfg = Debug|Any CPU
		{18577B7D-2A22-4BA6-AF4F-4BF9027C0522}.Debug|Any CPU.Build.0 = Debug|Any CPU
		{18577B7D-2A22-4BA6-AF4F-4BF9027C0522}.Release|Any CPU.ActiveCfg = Release|Any CPU
		{18577B7D-2A22-4BA6-AF4F-4BF9027C0522}.Release|Any CPU.Build.0 = Release|Any CPU
		{BA8488AC-0695-4802-8E61-B2B470CC9463}.Debug|Any CPU.ActiveCfg = Debug|Any CPU
		{BA8488AC-0695-4802-8E61-B2B470CC9463}.Debug|Any CPU.Build.0 = Debug|Any CPU
		{BA8488AC-0695-4802-8E61-B2B470CC9463}.Release|Any CPU.ActiveCfg = Release|Any CPU
		{BA8488AC-0695-4802-8E61-B2B470CC9463}.Release|Any CPU.Build.0 = Release|Any CPU
	EndGlobalSection
	GlobalSection(SolutionProperties) = preSolution
		HideSolutionNode = FALSE
	EndGlobalSection
	GlobalSection(ExtensibilityGlobals) = postSolution
		SolutionGuid = {1901988B-C392-4E95-9BCB-D8E380990301}
	EndGlobalSection
EndGlobal
